// !$*UTF8*$!
{
	archiveVersion = 1;
	classes = {
	};
	objectVersion = 56;
	objects = {

/* Begin PBXBuildFile section */
		E41767682B9F94A1006B4D53 /* ProfileView.swift in Sources */ = {isa = PBXBuildFile; fileRef = E41767672B9F94A1006B4D53 /* ProfileView.swift */; };
		E417676B2B9F99C6006B4D53 /* QRCode in Frameworks */ = {isa = PBXBuildFile; productRef = E417676A2B9F99C6006B4D53 /* QRCode */; };
		E417676D2B9F99C6006B4D53 /* QRCodeDetector in Frameworks */ = {isa = PBXBuildFile; productRef = E417676C2B9F99C6006B4D53 /* QRCodeDetector */; };
		E417676F2B9F99C6006B4D53 /* QRCodeDynamic in Frameworks */ = {isa = PBXBuildFile; productRef = E417676E2B9F99C6006B4D53 /* QRCodeDynamic */; };
		E41767712B9F99C6006B4D53 /* QRCodeStatic in Frameworks */ = {isa = PBXBuildFile; productRef = E41767702B9F99C6006B4D53 /* QRCodeStatic */; };
		E46B88692B9B635700D681F1 /* ada_bisikanApp.swift in Sources */ = {isa = PBXBuildFile; fileRef = E46B88682B9B635700D681F1 /* ada_bisikanApp.swift */; };
		E46B886B2B9B635700D681F1 /* LoginView.swift in Sources */ = {isa = PBXBuildFile; fileRef = E46B886A2B9B635700D681F1 /* LoginView.swift */; };
		E46B886D2B9B635800D681F1 /* Assets.xcassets in Resources */ = {isa = PBXBuildFile; fileRef = E46B886C2B9B635800D681F1 /* Assets.xcassets */; };
		E46B88702B9B635800D681F1 /* Preview Assets.xcassets in Resources */ = {isa = PBXBuildFile; fileRef = E46B886F2B9B635800D681F1 /* Preview Assets.xcassets */; };
		E46B88772B9B729D00D681F1 /* VFButton.swift in Sources */ = {isa = PBXBuildFile; fileRef = E46B88762B9B729D00D681F1 /* VFButton.swift */; };
		E46B887B2B9B7D9B00D681F1 /* ContentView.swift in Sources */ = {isa = PBXBuildFile; fileRef = E46B887A2B9B7D9B00D681F1 /* ContentView.swift */; };
		E46B887D2B9B7DE100D681F1 /* AuthViewModel.swift in Sources */ = {isa = PBXBuildFile; fileRef = E46B887C2B9B7DE100D681F1 /* AuthViewModel.swift */; };
		E46B887F2B9B7FC500D681F1 /* AdaBisikanApp.swift in Sources */ = {isa = PBXBuildFile; fileRef = E46B887E2B9B7FC500D681F1 /* AdaBisikanApp.swift */; };
		E46B88852B9B835500D681F1 /* NetworkManager.swift in Sources */ = {isa = PBXBuildFile; fileRef = E46B88842B9B835500D681F1 /* NetworkManager.swift */; };
		E46B88892B9B850200D681F1 /* ServiceError.swift in Sources */ = {isa = PBXBuildFile; fileRef = E46B88882B9B850200D681F1 /* ServiceError.swift */; };
		E46B888C2B9B8A6200D681F1 /* InboxView.swift in Sources */ = {isa = PBXBuildFile; fileRef = E46B888B2B9B8A6200D681F1 /* InboxView.swift */; };
		E46B888E2B9B990F00D681F1 /* AuthedView.swift in Sources */ = {isa = PBXBuildFile; fileRef = E46B888D2B9B990F00D681F1 /* AuthedView.swift */; };
		E4AB3B112B9CBE8400C2F457 /* InboxRowView.swift in Sources */ = {isa = PBXBuildFile; fileRef = E4AB3B102B9CBE8400C2F457 /* InboxRowView.swift */; };
		E4AB3B142B9CBED000C2F457 /* Message.swift in Sources */ = {isa = PBXBuildFile; fileRef = E4AB3B132B9CBED000C2F457 /* Message.swift */; };
		E4AB3B162B9CE36C00C2F457 /* HomeView.swift in Sources */ = {isa = PBXBuildFile; fileRef = E4AB3B152B9CE36C00C2F457 /* HomeView.swift */; };
/* End PBXBuildFile section */

/* Begin PBXFileReference section */
		E41767672B9F94A1006B4D53 /* ProfileView.swift */ = {isa = PBXFileReference; lastKnownFileType = sourcecode.swift; path = ProfileView.swift; sourceTree = "<group>"; };
		E46B88652B9B635700D681F1 /* ada-bisikan.app */ = {isa = PBXFileReference; explicitFileType = wrapper.application; includeInIndex = 0; path = "ada-bisikan.app"; sourceTree = BUILT_PRODUCTS_DIR; };
		E46B88682B9B635700D681F1 /* ada_bisikanApp.swift */ = {isa = PBXFileReference; lastKnownFileType = sourcecode.swift; path = ada_bisikanApp.swift; sourceTree = "<group>"; };
		E46B886A2B9B635700D681F1 /* LoginView.swift */ = {isa = PBXFileReference; lastKnownFileType = sourcecode.swift; path = LoginView.swift; sourceTree = "<group>"; };
		E46B886C2B9B635800D681F1 /* Assets.xcassets */ = {isa = PBXFileReference; lastKnownFileType = folder.assetcatalog; path = Assets.xcassets; sourceTree = "<group>"; };
		E46B886F2B9B635800D681F1 /* Preview Assets.xcassets */ = {isa = PBXFileReference; lastKnownFileType = folder.assetcatalog; path = "Preview Assets.xcassets"; sourceTree = "<group>"; };
		E46B88762B9B729D00D681F1 /* VFButton.swift */ = {isa = PBXFileReference; lastKnownFileType = sourcecode.swift; path = VFButton.swift; sourceTree = "<group>"; };
		E46B887A2B9B7D9B00D681F1 /* ContentView.swift */ = {isa = PBXFileReference; lastKnownFileType = sourcecode.swift; path = ContentView.swift; sourceTree = "<group>"; };
		E46B887C2B9B7DE100D681F1 /* AuthViewModel.swift */ = {isa = PBXFileReference; lastKnownFileType = sourcecode.swift; path = AuthViewModel.swift; sourceTree = "<group>"; };
		E46B887E2B9B7FC500D681F1 /* AdaBisikanApp.swift */ = {isa = PBXFileReference; lastKnownFileType = sourcecode.swift; path = AdaBisikanApp.swift; sourceTree = "<group>"; };
		E46B88842B9B835500D681F1 /* NetworkManager.swift */ = {isa = PBXFileReference; lastKnownFileType = sourcecode.swift; path = NetworkManager.swift; sourceTree = "<group>"; };
		E46B88882B9B850200D681F1 /* ServiceError.swift */ = {isa = PBXFileReference; lastKnownFileType = sourcecode.swift; path = ServiceError.swift; sourceTree = "<group>"; };
		E46B888B2B9B8A6200D681F1 /* InboxView.swift */ = {isa = PBXFileReference; lastKnownFileType = sourcecode.swift; path = InboxView.swift; sourceTree = "<group>"; };
		E46B888D2B9B990F00D681F1 /* AuthedView.swift */ = {isa = PBXFileReference; lastKnownFileType = sourcecode.swift; path = AuthedView.swift; sourceTree = "<group>"; };
		E4AB3B102B9CBE8400C2F457 /* InboxRowView.swift */ = {isa = PBXFileReference; lastKnownFileType = sourcecode.swift; path = InboxRowView.swift; sourceTree = "<group>"; };
		E4AB3B132B9CBED000C2F457 /* Message.swift */ = {isa = PBXFileReference; lastKnownFileType = sourcecode.swift; path = Message.swift; sourceTree = "<group>"; };
		E4AB3B152B9CE36C00C2F457 /* HomeView.swift */ = {isa = PBXFileReference; lastKnownFileType = sourcecode.swift; path = HomeView.swift; sourceTree = "<group>"; };
/* End PBXFileReference section */

/* Begin PBXFrameworksBuildPhase section */
		E46B88622B9B635700D681F1 /* Frameworks */ = {
			isa = PBXFrameworksBuildPhase;
			buildActionMask = 2147483647;
			files = (
				E417676D2B9F99C6006B4D53 /* QRCodeDetector in Frameworks */,
				E417676B2B9F99C6006B4D53 /* QRCode in Frameworks */,
				E41767712B9F99C6006B4D53 /* QRCodeStatic in Frameworks */,
				E417676F2B9F99C6006B4D53 /* QRCodeDynamic in Frameworks */,
			);
			runOnlyForDeploymentPostprocessing = 0;
		};
/* End PBXFrameworksBuildPhase section */

/* Begin PBXGroup section */
		E41767662B9F9496006B4D53 /* Profile */ = {
			isa = PBXGroup;
			children = (
				E41767672B9F94A1006B4D53 /* ProfileView.swift */,
			);
			path = Profile;
			sourceTree = "<group>";
		};
		E46B885C2B9B635700D681F1 = {
			isa = PBXGroup;
			children = (
				E46B88672B9B635700D681F1 /* ada-bisikan */,
				E46B88662B9B635700D681F1 /* Products */,
			);
			sourceTree = "<group>";
		};
		E46B88662B9B635700D681F1 /* Products */ = {
			isa = PBXGroup;
			children = (
				E46B88652B9B635700D681F1 /* ada-bisikan.app */,
			);
			name = Products;
			sourceTree = "<group>";
		};
		E46B88672B9B635700D681F1 /* ada-bisikan */ = {
			isa = PBXGroup;
			children = (
				E46B88832B9B833500D681F1 /* Services */,
				E46B88822B9B7FDD00D681F1 /* Views */,
				E46B88812B9B7FD400D681F1 /* Core */,
				E46B88802B9B7FCD00D681F1 /* App */,
				E46B88782B9B735C00D681F1 /* Features */,
				E46B88682B9B635700D681F1 /* ada_bisikanApp.swift */,
				E46B886C2B9B635800D681F1 /* Assets.xcassets */,
				E46B886E2B9B635800D681F1 /* Preview Content */,
			);
			path = "ada-bisikan";
			sourceTree = "<group>";
		};
		E46B886E2B9B635800D681F1 /* Preview Content */ = {
			isa = PBXGroup;
			children = (
				E46B886F2B9B635800D681F1 /* Preview Assets.xcassets */,
			);
			path = "Preview Content";
			sourceTree = "<group>";
		};
		E46B88782B9B735C00D681F1 /* Features */ = {
			isa = PBXGroup;
			children = (
				E41767662B9F9496006B4D53 /* Profile */,
				E46B888A2B9B8A5500D681F1 /* Home */,
				E46B88792B9B736D00D681F1 /* Auth */,
			);
			path = Features;
			sourceTree = "<group>";
		};
		E46B88792B9B736D00D681F1 /* Auth */ = {
			isa = PBXGroup;
			children = (
				E46B886A2B9B635700D681F1 /* LoginView.swift */,
				E46B887C2B9B7DE100D681F1 /* AuthViewModel.swift */,
			);
			path = Auth;
			sourceTree = "<group>";
		};
		E46B88802B9B7FCD00D681F1 /* App */ = {
			isa = PBXGroup;
			children = (
				E46B887E2B9B7FC500D681F1 /* AdaBisikanApp.swift */,
			);
			path = App;
			sourceTree = "<group>";
		};
		E46B88812B9B7FD400D681F1 /* Core */ = {
			isa = PBXGroup;
			children = (
				E46B887A2B9B7D9B00D681F1 /* ContentView.swift */,
				E46B888D2B9B990F00D681F1 /* AuthedView.swift */,
			);
			path = Core;
			sourceTree = "<group>";
		};
		E46B88822B9B7FDD00D681F1 /* Views */ = {
			isa = PBXGroup;
			children = (
				E46B88762B9B729D00D681F1 /* VFButton.swift */,
			);
			path = Views;
			sourceTree = "<group>";
		};
		E46B88832B9B833500D681F1 /* Services */ = {
			isa = PBXGroup;
			children = (
				E46B88842B9B835500D681F1 /* NetworkManager.swift */,
				E46B88882B9B850200D681F1 /* ServiceError.swift */,
			);
			path = Services;
			sourceTree = "<group>";
		};
		E46B888A2B9B8A5500D681F1 /* Home */ = {
			isa = PBXGroup;
			children = (
				E4AB3B122B9CBEB200C2F457 /* Models */,
				E4AB3B0F2B9CBE6300C2F457 /* Views */,
				E46B888B2B9B8A6200D681F1 /* InboxView.swift */,
				E4AB3B152B9CE36C00C2F457 /* HomeView.swift */,
			);
			path = Home;
			sourceTree = "<group>";
		};
		E4AB3B0F2B9CBE6300C2F457 /* Views */ = {
			isa = PBXGroup;
			children = (
				E4AB3B102B9CBE8400C2F457 /* InboxRowView.swift */,
			);
			path = Views;
			sourceTree = "<group>";
		};
		E4AB3B122B9CBEB200C2F457 /* Models */ = {
			isa = PBXGroup;
			children = (
				E4AB3B132B9CBED000C2F457 /* Message.swift */,
			);
			path = Models;
			sourceTree = "<group>";
		};
/* End PBXGroup section */

/* Begin PBXNativeTarget section */
		E46B88642B9B635700D681F1 /* ada-bisikan */ = {
			isa = PBXNativeTarget;
			buildConfigurationList = E46B88732B9B635800D681F1 /* Build configuration list for PBXNativeTarget "ada-bisikan" */;
			buildPhases = (
				E46B88612B9B635700D681F1 /* Sources */,
				E46B88622B9B635700D681F1 /* Frameworks */,
				E46B88632B9B635700D681F1 /* Resources */,
			);
			buildRules = (
			);
			dependencies = (
			);
			name = "ada-bisikan";
			packageProductDependencies = (
				E417676A2B9F99C6006B4D53 /* QRCode */,
				E417676C2B9F99C6006B4D53 /* QRCodeDetector */,
				E417676E2B9F99C6006B4D53 /* QRCodeDynamic */,
				E41767702B9F99C6006B4D53 /* QRCodeStatic */,
			);
			productName = "ada-bisikan";
			productReference = E46B88652B9B635700D681F1 /* ada-bisikan.app */;
			productType = "com.apple.product-type.application";
		};
/* End PBXNativeTarget section */

/* Begin PBXProject section */
		E46B885D2B9B635700D681F1 /* Project object */ = {
			isa = PBXProject;
			attributes = {
				BuildIndependentTargetsInParallel = 1;
				LastSwiftUpdateCheck = 1520;
				LastUpgradeCheck = 1520;
				TargetAttributes = {
					E46B88642B9B635700D681F1 = {
						CreatedOnToolsVersion = 15.2;
					};
				};
			};
			buildConfigurationList = E46B88602B9B635700D681F1 /* Build configuration list for PBXProject "ada-bisikan" */;
			compatibilityVersion = "Xcode 14.0";
			developmentRegion = en;
			hasScannedForEncodings = 0;
			knownRegions = (
				en,
				Base,
			);
			mainGroup = E46B885C2B9B635700D681F1;
			packageReferences = (
				E41767692B9F99C6006B4D53 /* XCRemoteSwiftPackageReference "qrcode" */,
			);
			productRefGroup = E46B88662B9B635700D681F1 /* Products */;
			projectDirPath = "";
			projectRoot = "";
			targets = (
				E46B88642B9B635700D681F1 /* ada-bisikan */,
			);
		};
/* End PBXProject section */

/* Begin PBXResourcesBuildPhase section */
		E46B88632B9B635700D681F1 /* Resources */ = {
			isa = PBXResourcesBuildPhase;
			buildActionMask = 2147483647;
			files = (
				E46B88702B9B635800D681F1 /* Preview Assets.xcassets in Resources */,
				E46B886D2B9B635800D681F1 /* Assets.xcassets in Resources */,
			);
			runOnlyForDeploymentPostprocessing = 0;
		};
/* End PBXResourcesBuildPhase section */

/* Begin PBXSourcesBuildPhase section */
		E46B88612B9B635700D681F1 /* Sources */ = {
			isa = PBXSourcesBuildPhase;
			buildActionMask = 2147483647;
			files = (
				E46B887D2B9B7DE100D681F1 /* AuthViewModel.swift in Sources */,
				E46B88892B9B850200D681F1 /* ServiceError.swift in Sources */,
				E4AB3B162B9CE36C00C2F457 /* HomeView.swift in Sources */,
				E46B88772B9B729D00D681F1 /* VFButton.swift in Sources */,
				E46B888E2B9B990F00D681F1 /* AuthedView.swift in Sources */,
				E46B888C2B9B8A6200D681F1 /* InboxView.swift in Sources */,
				E46B887F2B9B7FC500D681F1 /* AdaBisikanApp.swift in Sources */,
				E4AB3B112B9CBE8400C2F457 /* InboxRowView.swift in Sources */,
				E46B88852B9B835500D681F1 /* NetworkManager.swift in Sources */,
				E46B886B2B9B635700D681F1 /* LoginView.swift in Sources */,
				E4AB3B142B9CBED000C2F457 /* Message.swift in Sources */,
				E46B887B2B9B7D9B00D681F1 /* ContentView.swift in Sources */,
				E41767682B9F94A1006B4D53 /* ProfileView.swift in Sources */,
				E46B88692B9B635700D681F1 /* ada_bisikanApp.swift in Sources */,
			);
			runOnlyForDeploymentPostprocessing = 0;
		};
/* End PBXSourcesBuildPhase section */

/* Begin XCBuildConfiguration section */
		E46B88712B9B635800D681F1 /* Debug */ = {
			isa = XCBuildConfiguration;
			buildSettings = {
				ALWAYS_SEARCH_USER_PATHS = NO;
				ASSETCATALOG_COMPILER_GENERATE_SWIFT_ASSET_SYMBOL_EXTENSIONS = YES;
				CLANG_ANALYZER_NONNULL = YES;
				CLANG_ANALYZER_NUMBER_OBJECT_CONVERSION = YES_AGGRESSIVE;
				CLANG_CXX_LANGUAGE_STANDARD = "gnu++20";
				CLANG_ENABLE_MODULES = YES;
				CLANG_ENABLE_OBJC_ARC = YES;
				CLANG_ENABLE_OBJC_WEAK = YES;
				CLANG_WARN_BLOCK_CAPTURE_AUTORELEASING = YES;
				CLANG_WARN_BOOL_CONVERSION = YES;
				CLANG_WARN_COMMA = YES;
				CLANG_WARN_CONSTANT_CONVERSION = YES;
				CLANG_WARN_DEPRECATED_OBJC_IMPLEMENTATIONS = YES;
				CLANG_WARN_DIRECT_OBJC_ISA_USAGE = YES_ERROR;
				CLANG_WARN_DOCUMENTATION_COMMENTS = YES;
				CLANG_WARN_EMPTY_BODY = YES;
				CLANG_WARN_ENUM_CONVERSION = YES;
				CLANG_WARN_INFINITE_RECURSION = YES;
				CLANG_WARN_INT_CONVERSION = YES;
				CLANG_WARN_NON_LITERAL_NULL_CONVERSION = YES;
				CLANG_WARN_OBJC_IMPLICIT_RETAIN_SELF = YES;
				CLANG_WARN_OBJC_LITERAL_CONVERSION = YES;
				CLANG_WARN_OBJC_ROOT_CLASS = YES_ERROR;
				CLANG_WARN_QUOTED_INCLUDE_IN_FRAMEWORK_HEADER = YES;
				CLANG_WARN_RANGE_LOOP_ANALYSIS = YES;
				CLANG_WARN_STRICT_PROTOTYPES = YES;
				CLANG_WARN_SUSPICIOUS_MOVE = YES;
				CLANG_WARN_UNGUARDED_AVAILABILITY = YES_AGGRESSIVE;
				CLANG_WARN_UNREACHABLE_CODE = YES;
				CLANG_WARN__DUPLICATE_METHOD_MATCH = YES;
				COPY_PHASE_STRIP = NO;
				DEBUG_INFORMATION_FORMAT = dwarf;
				ENABLE_STRICT_OBJC_MSGSEND = YES;
				ENABLE_TESTABILITY = YES;
				ENABLE_USER_SCRIPT_SANDBOXING = YES;
				GCC_C_LANGUAGE_STANDARD = gnu17;
				GCC_DYNAMIC_NO_PIC = NO;
				GCC_NO_COMMON_BLOCKS = YES;
				GCC_OPTIMIZATION_LEVEL = 0;
				GCC_PREPROCESSOR_DEFINITIONS = (
					"DEBUG=1",
					"$(inherited)",
				);
				GCC_WARN_64_TO_32_BIT_CONVERSION = YES;
				GCC_WARN_ABOUT_RETURN_TYPE = YES_ERROR;
				GCC_WARN_UNDECLARED_SELECTOR = YES;
				GCC_WARN_UNINITIALIZED_AUTOS = YES_AGGRESSIVE;
				GCC_WARN_UNUSED_FUNCTION = YES;
				GCC_WARN_UNUSED_VARIABLE = YES;
				IPHONEOS_DEPLOYMENT_TARGET = 17.2;
				LOCALIZATION_PREFERS_STRING_CATALOGS = YES;
				MTL_ENABLE_DEBUG_INFO = INCLUDE_SOURCE;
				MTL_FAST_MATH = YES;
				ONLY_ACTIVE_ARCH = YES;
				SDKROOT = iphoneos;
				SWIFT_ACTIVE_COMPILATION_CONDITIONS = "DEBUG $(inherited)";
				SWIFT_OPTIMIZATION_LEVEL = "-Onone";
			};
			name = Debug;
		};
		E46B88722B9B635800D681F1 /* Release */ = {
			isa = XCBuildConfiguration;
			buildSettings = {
				ALWAYS_SEARCH_USER_PATHS = NO;
				ASSETCATALOG_COMPILER_GENERATE_SWIFT_ASSET_SYMBOL_EXTENSIONS = YES;
				CLANG_ANALYZER_NONNULL = YES;
				CLANG_ANALYZER_NUMBER_OBJECT_CONVERSION = YES_AGGRESSIVE;
				CLANG_CXX_LANGUAGE_STANDARD = "gnu++20";
				CLANG_ENABLE_MODULES = YES;
				CLANG_ENABLE_OBJC_ARC = YES;
				CLANG_ENABLE_OBJC_WEAK = YES;
				CLANG_WARN_BLOCK_CAPTURE_AUTORELEASING = YES;
				CLANG_WARN_BOOL_CONVERSION = YES;
				CLANG_WARN_COMMA = YES;
				CLANG_WARN_CONSTANT_CONVERSION = YES;
				CLANG_WARN_DEPRECATED_OBJC_IMPLEMENTATIONS = YES;
				CLANG_WARN_DIRECT_OBJC_ISA_USAGE = YES_ERROR;
				CLANG_WARN_DOCUMENTATION_COMMENTS = YES;
				CLANG_WARN_EMPTY_BODY = YES;
				CLANG_WARN_ENUM_CONVERSION = YES;
				CLANG_WARN_INFINITE_RECURSION = YES;
				CLANG_WARN_INT_CONVERSION = YES;
				CLANG_WARN_NON_LITERAL_NULL_CONVERSION = YES;
				CLANG_WARN_OBJC_IMPLICIT_RETAIN_SELF = YES;
				CLANG_WARN_OBJC_LITERAL_CONVERSION = YES;
				CLANG_WARN_OBJC_ROOT_CLASS = YES_ERROR;
				CLANG_WARN_QUOTED_INCLUDE_IN_FRAMEWORK_HEADER = YES;
				CLANG_WARN_RANGE_LOOP_ANALYSIS = YES;
				CLANG_WARN_STRICT_PROTOTYPES = YES;
				CLANG_WARN_SUSPICIOUS_MOVE = YES;
				CLANG_WARN_UNGUARDED_AVAILABILITY = YES_AGGRESSIVE;
				CLANG_WARN_UNREACHABLE_CODE = YES;
				CLANG_WARN__DUPLICATE_METHOD_MATCH = YES;
				COPY_PHASE_STRIP = NO;
				DEBUG_INFORMATION_FORMAT = "dwarf-with-dsym";
				ENABLE_NS_ASSERTIONS = NO;
				ENABLE_STRICT_OBJC_MSGSEND = YES;
				ENABLE_USER_SCRIPT_SANDBOXING = YES;
				GCC_C_LANGUAGE_STANDARD = gnu17;
				GCC_NO_COMMON_BLOCKS = YES;
				GCC_WARN_64_TO_32_BIT_CONVERSION = YES;
				GCC_WARN_ABOUT_RETURN_TYPE = YES_ERROR;
				GCC_WARN_UNDECLARED_SELECTOR = YES;
				GCC_WARN_UNINITIALIZED_AUTOS = YES_AGGRESSIVE;
				GCC_WARN_UNUSED_FUNCTION = YES;
				GCC_WARN_UNUSED_VARIABLE = YES;
				IPHONEOS_DEPLOYMENT_TARGET = 17.2;
				LOCALIZATION_PREFERS_STRING_CATALOGS = YES;
				MTL_ENABLE_DEBUG_INFO = NO;
				MTL_FAST_MATH = YES;
				SDKROOT = iphoneos;
				SWIFT_COMPILATION_MODE = wholemodule;
				VALIDATE_PRODUCT = YES;
			};
			name = Release;
		};
		E46B88742B9B635800D681F1 /* Debug */ = {
			isa = XCBuildConfiguration;
			buildSettings = {
				ASSETCATALOG_COMPILER_APPICON_NAME = AppIcon;
				ASSETCATALOG_COMPILER_GLOBAL_ACCENT_COLOR_NAME = AccentColor;
				CODE_SIGN_STYLE = Automatic;
				CURRENT_PROJECT_VERSION = 1;
				DEVELOPMENT_ASSET_PATHS = "\"ada-bisikan/Preview Content\"";
				DEVELOPMENT_TEAM = TUQX899L59;
				ENABLE_PREVIEWS = YES;
				GENERATE_INFOPLIST_FILE = YES;
				INFOPLIST_KEY_UIApplicationSceneManifest_Generation = YES;
				INFOPLIST_KEY_UIApplicationSupportsIndirectInputEvents = YES;
				INFOPLIST_KEY_UILaunchScreen_Generation = YES;
				INFOPLIST_KEY_UISupportedInterfaceOrientations_iPad = "UIInterfaceOrientationPortrait UIInterfaceOrientationPortraitUpsideDown UIInterfaceOrientationLandscapeLeft UIInterfaceOrientationLandscapeRight";
				INFOPLIST_KEY_UISupportedInterfaceOrientations_iPhone = "UIInterfaceOrientationPortrait UIInterfaceOrientationLandscapeLeft UIInterfaceOrientationLandscapeRight";
				LD_RUNPATH_SEARCH_PATHS = (
					"$(inherited)",
					"@executable_path/Frameworks",
				);
				MARKETING_VERSION = 1.0;
				PRODUCT_BUNDLE_IDENTIFIER = "com.voidfnc.ada-bisikan";
				PRODUCT_NAME = "$(TARGET_NAME)";
				SWIFT_EMIT_LOC_STRINGS = YES;
				SWIFT_VERSION = 5.0;
				TARGETED_DEVICE_FAMILY = "1,2";
			};
			name = Debug;
		};
		E46B88752B9B635800D681F1 /* Release */ = {
			isa = XCBuildConfiguration;
			buildSettings = {
				ASSETCATALOG_COMPILER_APPICON_NAME = AppIcon;
				ASSETCATALOG_COMPILER_GLOBAL_ACCENT_COLOR_NAME = AccentColor;
				CODE_SIGN_STYLE = Automatic;
				CURRENT_PROJECT_VERSION = 1;
				DEVELOPMENT_ASSET_PATHS = "\"ada-bisikan/Preview Content\"";
				DEVELOPMENT_TEAM = TUQX899L59;
				ENABLE_PREVIEWS = YES;
				GENERATE_INFOPLIST_FILE = YES;
				INFOPLIST_KEY_UIApplicationSceneManifest_Generation = YES;
				INFOPLIST_KEY_UIApplicationSupportsIndirectInputEvents = YES;
				INFOPLIST_KEY_UILaunchScreen_Generation = YES;
				INFOPLIST_KEY_UISupportedInterfaceOrientations_iPad = "UIInterfaceOrientationPortrait UIInterfaceOrientationPortraitUpsideDown UIInterfaceOrientationLandscapeLeft UIInterfaceOrientationLandscapeRight";
				INFOPLIST_KEY_UISupportedInterfaceOrientations_iPhone = "UIInterfaceOrientationPortrait UIInterfaceOrientationLandscapeLeft UIInterfaceOrientationLandscapeRight";
				LD_RUNPATH_SEARCH_PATHS = (
					"$(inherited)",
					"@executable_path/Frameworks",
				);
				MARKETING_VERSION = 1.0;
				PRODUCT_BUNDLE_IDENTIFIER = "com.voidfnc.ada-bisikan";
				PRODUCT_NAME = "$(TARGET_NAME)";
				SWIFT_EMIT_LOC_STRINGS = YES;
				SWIFT_VERSION = 5.0;
				TARGETED_DEVICE_FAMILY = "1,2";
			};
			name = Release;
		};
/* End XCBuildConfiguration section */

/* Begin XCConfigurationList section */
		E46B88602B9B635700D681F1 /* Build configuration list for PBXProject "ada-bisikan" */ = {
			isa = XCConfigurationList;
			buildConfigurations = (
				E46B88712B9B635800D681F1 /* Debug */,
				E46B88722B9B635800D681F1 /* Release */,
			);
			defaultConfigurationIsVisible = 0;
			defaultConfigurationName = Release;
		};
		E46B88732B9B635800D681F1 /* Build configuration list for PBXNativeTarget "ada-bisikan" */ = {
			isa = XCConfigurationList;
			buildConfigurations = (
				E46B88742B9B635800D681F1 /* Debug */,
				E46B88752B9B635800D681F1 /* Release */,
			);
			defaultConfigurationIsVisible = 0;
			defaultConfigurationName = Release;
		};
/* End XCConfigurationList section */

/* Begin XCRemoteSwiftPackageReference section */
		E41767692B9F99C6006B4D53 /* XCRemoteSwiftPackageReference "qrcode" */ = {
			isa = XCRemoteSwiftPackageReference;
			repositoryURL = "https://github.com/dagronf/qrcode.git";
			requirement = {
				kind = upToNextMajorVersion;
				minimumVersion = 18.3.0;
			};
		};
/* End XCRemoteSwiftPackageReference section */

/* Begin XCSwiftPackageProductDependency section */
		E417676A2B9F99C6006B4D53 /* QRCode */ = {
			isa = XCSwiftPackageProductDependency;
			package = E41767692B9F99C6006B4D53 /* XCRemoteSwiftPackageReference "qrcode" */;
			productName = QRCode;
		};
		E417676C2B9F99C6006B4D53 /* QRCodeDetector */ = {
			isa = XCSwiftPackageProductDependency;
			package = E41767692B9F99C6006B4D53 /* XCRemoteSwiftPackageReference "qrcode" */;
			productName = QRCodeDetector;
		};
		E417676E2B9F99C6006B4D53 /* QRCodeDynamic */ = {
			isa = XCSwiftPackageProductDependency;
			package = E41767692B9F99C6006B4D53 /* XCRemoteSwiftPackageReference "qrcode" */;
			productName = QRCodeDynamic;
		};
		E41767702B9F99C6006B4D53 /* QRCodeStatic */ = {
			isa = XCSwiftPackageProductDependency;
			package = E41767692B9F99C6006B4D53 /* XCRemoteSwiftPackageReference "qrcode" */;
			productName = QRCodeStatic;
		};
/* End XCSwiftPackageProductDependency section */
	};
	rootObject = E46B885D2B9B635700D681F1 /* Project object */;
}
